// !$*UTF8*$!
{
	archiveVersion = 1;
	classes = {
	};
	objectVersion = 46;
	objects = {
/* Begin PBXBuildFile section */
		0207DA581B56EA530066E2B4 /* Images.xcassets in Resources */ = {isa = PBXBuildFile; fileRef = 0207DA571B56EA530066E2B4 /* Images.xcassets */; };
		1D3623260D0F684500981E51 /* AppDelegate.m in Sources */ = {isa = PBXBuildFile; fileRef = 1D3623250D0F684500981E51 /* AppDelegate.m */; };
		1D60589B0D05DD56006BFB54 /* main.m in Sources */ = {isa = PBXBuildFile; fileRef = 29B97316FDCFA39411CA2CEA /* main.m */; };
		301BF552109A68D80062928A /* libCordova.a in Frameworks */ = {isa = PBXBuildFile; fileRef = 301BF535109A57CC0062928A /* libCordova.a */; };
		302D95F114D2391D003F00A1 /* MainViewController.m in Sources */ = {isa = PBXBuildFile; fileRef = 302D95EF14D2391D003F00A1 /* MainViewController.m */; };
		302D95F214D2391D003F00A1 /* MainViewController.xib in Resources */ = {isa = PBXBuildFile; fileRef = 302D95F014D2391D003F00A1 /* MainViewController.xib */; };
		3047A5121AB8059700498E2A /* build-debug.xcconfig in Resources */ = {isa = PBXBuildFile; fileRef = 3047A50F1AB8059700498E2A /* build-debug.xcconfig */; };
		3047A5131AB8059700498E2A /* build-release.xcconfig in Resources */ = {isa = PBXBuildFile; fileRef = 3047A5101AB8059700498E2A /* build-release.xcconfig */; };
		3047A5141AB8059700498E2A /* build.xcconfig in Resources */ = {isa = PBXBuildFile; fileRef = 3047A5111AB8059700498E2A /* build.xcconfig */; };
		6AFF5BF91D6E424B00AB3073 /* CDVLaunchScreen.storyboard in Resources */ = {isa = PBXBuildFile; fileRef = 6AFF5BF81D6E424B00AB3073 /* CDVLaunchScreen.storyboard */; };
		4A98E969232E48B397D99C1B /* CDVDevice.m in Sources */ = {isa = PBXBuildFile; fileRef = 6484733358654F278055A692 /* CDVDevice.m */; };
		0FA4F36A3D2E4C038C040D1B /* libz.tbd in Frameworks */ = {isa = PBXBuildFile; fileRef = 6CF80BF57A29480A81A457D8 /* libz.tbd */; };
		50F260B11BE142C28642B096 /* AppDelegate+FirebasePlugin.m in Sources */ = {isa = PBXBuildFile; fileRef = F6D34490A2354E469E19A15A /* AppDelegate+FirebasePlugin.m */; };
		37D2954406ED4706B76717A4 /* FirebasePlugin.m in Sources */ = {isa = PBXBuildFile; fileRef = A2292DF5F5074D27A9A237AF /* FirebasePlugin.m */; };
		67BE7CD68017401BB140CD38 /* GoogleService-Info.plist in Resources */ = {isa = PBXBuildFile; fileRef = A48C4259212F48818A2599D6 /* GoogleService-Info.plist */; };
		1FE4AECBD9434DB69E3745AF /* Crashlytics.framework in Frameworks */ = {isa = PBXBuildFile; fileRef = 7D33FCAB4E3E412BA044F828 /* Crashlytics.framework */; };
		6AAD0F14091444A78D96B8AD /* Fabric.framework in Frameworks */ = {isa = PBXBuildFile; fileRef = 098070D4385B4BFEB2AA2B07 /* Fabric.framework */; };
		2CB8326900234DDF8533B454 /* GoogleAppMeasurement.framework in Frameworks */ = {isa = PBXBuildFile; fileRef = 98D54B646D1D4B57BCEE6D28 /* GoogleAppMeasurement.framework */; };
		6B6B4969FE31407E923AE9F8 /* MeasurementNanoPB.framework in Frameworks */ = {isa = PBXBuildFile; fileRef = A7C0728303EB4BA08206B94A /* MeasurementNanoPB.framework */; };
		FB281D930FC74396BBD902E0 /* FirebaseCore.framework in Frameworks */ = {isa = PBXBuildFile; fileRef = 5ED55C5DAE754B63B12C4FCE /* FirebaseCore.framework */; };
		B33DF9BFBE624542A5A3A645 /* FirebaseAnalytics.framework in Frameworks */ = {isa = PBXBuildFile; fileRef = F8E14739EEBE41B58F2CD387 /* FirebaseAnalytics.framework */; };
		82F810D3D84147C0888A4189 /* GoogleUtilities.framework in Frameworks */ = {isa = PBXBuildFile; fileRef = 78EAFF605922431BB6088D5D /* GoogleUtilities.framework */; };
		E32B0A95691745CBB369543C /* nanopb.framework in Frameworks */ = {isa = PBXBuildFile; fileRef = B5DB992375BF4E48BF80ADD8 /* nanopb.framework */; };
		F4CAE689154A4A6687407BB4 /* FirebaseInstanceID.framework in Frameworks */ = {isa = PBXBuildFile; fileRef = 960338D1BFBF4BE08F2ED433 /* FirebaseInstanceID.framework */; };
		F10865708C01443C9D4411BF /* FirebaseCoreDiagnostics.framework in Frameworks */ = {isa = PBXBuildFile; fileRef = 4AAAF87ADEB8456BB9B0C8A9 /* FirebaseCoreDiagnostics.framework */; };
		3140091A6D68400A85F65844 /* GTMSessionFetcher.framework in Frameworks */ = {isa = PBXBuildFile; fileRef = AA1698045A844EF7BAE09581 /* GTMSessionFetcher.framework */; };
		02D3EF9F4A5F417FA58AA7DF /* FirebaseAuth.framework in Frameworks */ = {isa = PBXBuildFile; fileRef = 190BF78448F845709BAB591B /* FirebaseAuth.framework */; };
		C57EAE6B34894517903DD9F1 /* FirebaseMessaging.framework in Frameworks */ = {isa = PBXBuildFile; fileRef = BF074D4E3E1C4CEF88F762BA /* FirebaseMessaging.framework */; };
		A8496A66545F49FC98D0E8D5 /* GoogleToolboxForMac.framework in Frameworks */ = {isa = PBXBuildFile; fileRef = B8BF73D7221649E5BBF9474F /* GoogleToolboxForMac.framework */; };
		FFE233B48FC34F2E9A2E9A56 /* FirebasePerformance.framework in Frameworks */ = {isa = PBXBuildFile; fileRef = 39E150F7F5BC435798CB25D0 /* FirebasePerformance.framework */; };
		FA38618D8D0843389B33A9ED /* Protobuf.framework in Frameworks */ = {isa = PBXBuildFile; fileRef = 2C2F8CD849C148A88035F593 /* Protobuf.framework */; };
		833C6CDEE8FB4195A79CFCE2 /* FirebaseRemoteConfig.framework in Frameworks */ = {isa = PBXBuildFile; fileRef = A7EDE3CC33FB45D09465D4EC /* FirebaseRemoteConfig.framework */; };
		31CE36942E524F83BF3A70CF /* FirebaseABTesting.framework in Frameworks */ = {isa = PBXBuildFile; fileRef = 1D3D9E99B0094A5B880104DA /* FirebaseABTesting.framework */; };
		5F3165E6E819465AB3A0F82C /* CDVSplashScreen.m in Sources */ = {isa = PBXBuildFile; fileRef = D6CE1FABA67241F9A4C34611 /* CDVSplashScreen.m */; };
		D6BF703A4BB84BD7BFB98744 /* CDVViewController+SplashScreen.m in Sources */ = {isa = PBXBuildFile; fileRef = 5D81335E533F43D9BC60523F /* CDVViewController+SplashScreen.m */; };
		9310C0E83F374B2DB617C04A /* CDVStatusBar.m in Sources */ = {isa = PBXBuildFile; fileRef = 96B1F62C7A994D3193276ADF /* CDVStatusBar.m */; };
		6B9FBC07E9D545E3A6743E6F /* SQLitePlugin.m in Sources */ = {isa = PBXBuildFile; fileRef = F104CC68E5D8438CBBA4496A /* SQLitePlugin.m */; };
		D3A0400A8AE94234B817211C /* PSPDFThreadSafeMutableDictionary.m in Sources */ = {isa = PBXBuildFile; fileRef = FBCE4E85F9084C3A929DB41B /* PSPDFThreadSafeMutableDictionary.m */; settings = {COMPILER_FLAGS = "-w"; }; };
		B0505990DBD341D3800B6CC9 /* sqlite3.c in Resources */ = {isa = PBXBuildFile; fileRef = 7CDBD9E78F3542B19E5A61C1 /* sqlite3.c */; settings = {COMPILER_FLAGS = "-w -DSQLITE_THREADSAFE=1 -DSQLITE_DEFAULT_SYNCHRONOUS=3 -DSQLITE_DEFAULT_MEMSTATUS=0 -DSQLITE_OMIT_DECLTYPE -DSQLITE_OMIT_DEPRECATED -DSQLITE_OMIT_PROGRESS_CALLBACK -DSQLITE_OMIT_SHARED_CACHE -DSQLITE_TEMP_STORE=2 -DSQLITE_OMIT_LOAD_EXTENSION -DSQLITE_ENABLE_FTS3 -DSQLITE_ENABLE_FTS3_PARENTHESIS -DSQLITE_ENABLE_FTS4 -DSQLITE_ENABLE_RTREE -DSQLITE_DEFAULT_PAGE_SIZE=1024 -DSQLITE_DEFAULT_CACHE_SIZE=2000"; }; };
		46BF688A4CCC454F9B77F13B /* IonicKeyboard.m in Sources */ = {isa = PBXBuildFile; fileRef = 870FAB658E4B440BA9049E13 /* IonicKeyboard.m */; };
/* End PBXBuildFile section */

/* Begin PBXContainerItemProxy section */
		301BF534109A57CC0062928A /* PBXContainerItemProxy */ = {
			isa = PBXContainerItemProxy;
			containerPortal = 301BF52D109A57CC0062928A /* CordovaLib.xcodeproj */;
			proxyType = 2;
			remoteGlobalIDString = D2AAC07E0554694100DB518D;
			remoteInfo = CordovaLib;
		};
		301BF550109A68C00062928A /* PBXContainerItemProxy */ = {
			isa = PBXContainerItemProxy;
			containerPortal = 301BF52D109A57CC0062928A /* CordovaLib.xcodeproj */;
			proxyType = 1;
			remoteGlobalIDString = D2AAC07D0554694100DB518D;
			remoteInfo = CordovaLib;
		};
/* End PBXContainerItemProxy section */

/* Begin PBXFileReference section */
		0207DA571B56EA530066E2B4 /* Images.xcassets */ = {isa = PBXFileReference; lastKnownFileType = folder.assetcatalog; name = Images.xcassets; path = "standeliver/Images.xcassets"; sourceTree = SOURCE_ROOT; };
		1D3623240D0F684500981E51 /* AppDelegate.h */ = {isa = PBXFileReference; fileEncoding = 4; lastKnownFileType = sourcecode.c.h; path = AppDelegate.h; sourceTree = "<group>"; };
		1D3623250D0F684500981E51 /* AppDelegate.m */ = {isa = PBXFileReference; fileEncoding = 4; lastKnownFileType = sourcecode.c.objc; path = AppDelegate.m; sourceTree = "<group>"; };
		1D6058910D05DD3D006BFB54 /* standeliver.app */ = {isa = PBXFileReference; explicitFileType = wrapper.application; includeInIndex = 0; path = "standeliver.app"; sourceTree = BUILT_PRODUCTS_DIR; };
		29B97316FDCFA39411CA2CEA /* main.m */ = {isa = PBXFileReference; fileEncoding = 4; lastKnownFileType = sourcecode.c.objc; path = main.m; sourceTree = "<group>"; };
		301BF52D109A57CC0062928A /* CordovaLib.xcodeproj */ = {isa = PBXFileReference; lastKnownFileType = "wrapper.pb-project"; path = CordovaLib/CordovaLib.xcodeproj; sourceTree = "<group>"; };
		301BF56E109A69640062928A /* www */ = {isa = PBXFileReference; lastKnownFileType = folder; path = www; sourceTree = SOURCE_ROOT; };
		302D95EE14D2391D003F00A1 /* MainViewController.h */ = {isa = PBXFileReference; fileEncoding = 4; lastKnownFileType = sourcecode.c.h; path = MainViewController.h; sourceTree = "<group>"; };
		302D95EF14D2391D003F00A1 /* MainViewController.m */ = {isa = PBXFileReference; fileEncoding = 4; lastKnownFileType = sourcecode.c.objc; path = MainViewController.m; sourceTree = "<group>"; };
		302D95F014D2391D003F00A1 /* MainViewController.xib */ = {isa = PBXFileReference; fileEncoding = 4; lastKnownFileType = file.xib; path = MainViewController.xib; sourceTree = "<group>"; };
		3047A50F1AB8059700498E2A /* build-debug.xcconfig */ = {isa = PBXFileReference; fileEncoding = 4; lastKnownFileType = text.xcconfig; name = "build-debug.xcconfig"; path = cordova/build-debug.xcconfig; sourceTree = SOURCE_ROOT; };
		3047A5101AB8059700498E2A /* build-release.xcconfig */ = {isa = PBXFileReference; fileEncoding = 4; lastKnownFileType = text.xcconfig; name = "build-release.xcconfig"; path = cordova/build-release.xcconfig; sourceTree = SOURCE_ROOT; };
		3047A5111AB8059700498E2A /* build.xcconfig */ = {isa = PBXFileReference; fileEncoding = 4; lastKnownFileType = text.xcconfig; name = build.xcconfig; path = cordova/build.xcconfig; sourceTree = SOURCE_ROOT; };
		32CA4F630368D1EE00C91783 /* standeliver-Prefix.pch */ = {isa = PBXFileReference; fileEncoding = 4; lastKnownFileType = sourcecode.c.h; path = "standeliver-Prefix.pch"; sourceTree = "<group>"; };
		6AFF5BF81D6E424B00AB3073 /* CDVLaunchScreen.storyboard */ = {isa = PBXFileReference; fileEncoding = 4; lastKnownFileType = file.storyboard; name = CDVLaunchScreen.storyboard; path = "standeliver/CDVLaunchScreen.storyboard"; sourceTree = SOURCE_ROOT; };
		8D1107310486CEB800E47090 /* standeliver-Info.plist */ = {isa = PBXFileReference; fileEncoding = 4; lastKnownFileType = text.plist.xml; name = "standeliver-Info.plist"; path = "standeliver/standeliver-Info.plist"; plistStructureDefinitionIdentifier = "com.apple.xcode.plist.structure-definition.iphone.info-plist"; sourceTree = SOURCE_ROOT; };
		EB87FDF31871DA8E0020F90C /* www */ = {isa = PBXFileReference; lastKnownFileType = folder; name = www; path = ../../www; sourceTree = "<group>"; };
		EB87FDF41871DAF40020F90C /* config.xml */ = {isa = PBXFileReference; lastKnownFileType = text.xml; name = config.xml; path = ../../config.xml; sourceTree = "<group>"; };
		F840E1F0165FE0F500CFE078 /* config.xml */ = {isa = PBXFileReference; lastKnownFileType = text.xml; name = config.xml; path = "standeliver/config.xml"; sourceTree = "<group>"; };
		ED33DF2A687741AEAF9F8254 /* Bridging-Header.h */ = {isa = PBXFileReference; fileEncoding = 4; lastKnownFileType = sourcecode.c.h; name = "Bridging-Header.h"; path = "Bridging-Header.h"; sourceTree = "<group>"; };
		6484733358654F278055A692 /* CDVDevice.m */ = {isa = PBXFileReference; name = "CDVDevice.m"; path = "cordova-plugin-device/CDVDevice.m"; sourceTree = "<group>"; fileEncoding = 4; lastKnownFileType = sourcecode.c.objc; explicitFileType = undefined; includeInIndex = 0; };
		29211CF38A3B43C2A6CA8BB2 /* CDVDevice.h */ = {isa = PBXFileReference; name = "CDVDevice.h"; path = "cordova-plugin-device/CDVDevice.h"; sourceTree = "<group>"; fileEncoding = 4; lastKnownFileType = sourcecode.c.h; explicitFileType = undefined; includeInIndex = 0; };
		6CF80BF57A29480A81A457D8 /* libz.tbd */ = {isa = PBXFileReference; name = "libz.tbd"; path = "usr/lib/libz.tbd"; sourceTree = SDKROOT; fileEncoding = undefined; lastKnownFileType = sourcecode.text-based-dylib-definition; explicitFileType = undefined; includeInIndex = 0; };
		F6D34490A2354E469E19A15A /* AppDelegate+FirebasePlugin.m */ = {isa = PBXFileReference; name = "AppDelegate+FirebasePlugin.m"; path = "cordova-plugin-firebase/AppDelegate+FirebasePlugin.m"; sourceTree = "<group>"; fileEncoding = 4; lastKnownFileType = sourcecode.c.objc; explicitFileType = undefined; includeInIndex = 0; };
		A2292DF5F5074D27A9A237AF /* FirebasePlugin.m */ = {isa = PBXFileReference; name = "FirebasePlugin.m"; path = "cordova-plugin-firebase/FirebasePlugin.m"; sourceTree = "<group>"; fileEncoding = 4; lastKnownFileType = sourcecode.c.objc; explicitFileType = undefined; includeInIndex = 0; };
		0B555C5F3B0B4F599900F5AD /* AppDelegate+FirebasePlugin.h */ = {isa = PBXFileReference; name = "AppDelegate+FirebasePlugin.h"; path = "cordova-plugin-firebase/AppDelegate+FirebasePlugin.h"; sourceTree = "<group>"; fileEncoding = 4; lastKnownFileType = sourcecode.c.h; explicitFileType = undefined; includeInIndex = 0; };
		80D897C5FCB14F2A9EF8953E /* FirebasePlugin.h */ = {isa = PBXFileReference; name = "FirebasePlugin.h"; path = "cordova-plugin-firebase/FirebasePlugin.h"; sourceTree = "<group>"; fileEncoding = 4; lastKnownFileType = sourcecode.c.h; explicitFileType = undefined; includeInIndex = 0; };
		5CFFADDB41544A0BAE739ADA /* Firebase.h */ = {isa = PBXFileReference; name = "Firebase.h"; path = "cordova-plugin-firebase/Firebase.h"; sourceTree = "<group>"; fileEncoding = 4; lastKnownFileType = sourcecode.c.h; explicitFileType = undefined; includeInIndex = 0; };
		A48C4259212F48818A2599D6 /* GoogleService-Info.plist */ = {isa = PBXFileReference; name = "GoogleService-Info.plist"; path = "GoogleService-Info.plist"; sourceTree = "<group>"; fileEncoding = 4; lastKnownFileType = text.plist.xml; explicitFileType = undefined; includeInIndex = 0; };
		7D33FCAB4E3E412BA044F828 /* Crashlytics.framework */ = {isa = PBXFileReference; name = "Crashlytics.framework"; path = "standeliver/Plugins/cordova-plugin-firebase/Crashlytics.framework"; sourceTree = "<group>"; fileEncoding = undefined; lastKnownFileType = wrapper.framework; explicitFileType = undefined; includeInIndex = 0; };
		098070D4385B4BFEB2AA2B07 /* Fabric.framework */ = {isa = PBXFileReference; name = "Fabric.framework"; path = "standeliver/Plugins/cordova-plugin-firebase/Fabric.framework"; sourceTree = "<group>"; fileEncoding = undefined; lastKnownFileType = wrapper.framework; explicitFileType = undefined; includeInIndex = 0; };
		98D54B646D1D4B57BCEE6D28 /* GoogleAppMeasurement.framework */ = {isa = PBXFileReference; name = "GoogleAppMeasurement.framework"; path = "standeliver/Plugins/cordova-plugin-firebase/GoogleAppMeasurement.framework"; sourceTree = "<group>"; fileEncoding = undefined; lastKnownFileType = wrapper.framework; explicitFileType = undefined; includeInIndex = 0; };
		A7C0728303EB4BA08206B94A /* MeasurementNanoPB.framework */ = {isa = PBXFileReference; name = "MeasurementNanoPB.framework"; path = "standeliver/Plugins/cordova-plugin-firebase/MeasurementNanoPB.framework"; sourceTree = "<group>"; fileEncoding = undefined; lastKnownFileType = wrapper.framework; explicitFileType = undefined; includeInIndex = 0; };
		5ED55C5DAE754B63B12C4FCE /* FirebaseCore.framework */ = {isa = PBXFileReference; name = "FirebaseCore.framework"; path = "standeliver/Plugins/cordova-plugin-firebase/FirebaseCore.framework"; sourceTree = "<group>"; fileEncoding = undefined; lastKnownFileType = wrapper.framework; explicitFileType = undefined; includeInIndex = 0; };
		F8E14739EEBE41B58F2CD387 /* FirebaseAnalytics.framework */ = {isa = PBXFileReference; name = "FirebaseAnalytics.framework"; path = "standeliver/Plugins/cordova-plugin-firebase/FirebaseAnalytics.framework"; sourceTree = "<group>"; fileEncoding = undefined; lastKnownFileType = wrapper.framework; explicitFileType = undefined; includeInIndex = 0; };
		78EAFF605922431BB6088D5D /* GoogleUtilities.framework */ = {isa = PBXFileReference; name = "GoogleUtilities.framework"; path = "standeliver/Plugins/cordova-plugin-firebase/GoogleUtilities.framework"; sourceTree = "<group>"; fileEncoding = undefined; lastKnownFileType = wrapper.framework; explicitFileType = undefined; includeInIndex = 0; };
		B5DB992375BF4E48BF80ADD8 /* nanopb.framework */ = {isa = PBXFileReference; name = "nanopb.framework"; path = "standeliver/Plugins/cordova-plugin-firebase/nanopb.framework"; sourceTree = "<group>"; fileEncoding = undefined; lastKnownFileType = wrapper.framework; explicitFileType = undefined; includeInIndex = 0; };
		960338D1BFBF4BE08F2ED433 /* FirebaseInstanceID.framework */ = {isa = PBXFileReference; name = "FirebaseInstanceID.framework"; path = "standeliver/Plugins/cordova-plugin-firebase/FirebaseInstanceID.framework"; sourceTree = "<group>"; fileEncoding = undefined; lastKnownFileType = wrapper.framework; explicitFileType = undefined; includeInIndex = 0; };
		4AAAF87ADEB8456BB9B0C8A9 /* FirebaseCoreDiagnostics.framework */ = {isa = PBXFileReference; name = "FirebaseCoreDiagnostics.framework"; path = "standeliver/Plugins/cordova-plugin-firebase/FirebaseCoreDiagnostics.framework"; sourceTree = "<group>"; fileEncoding = undefined; lastKnownFileType = wrapper.framework; explicitFileType = undefined; includeInIndex = 0; };
		AA1698045A844EF7BAE09581 /* GTMSessionFetcher.framework */ = {isa = PBXFileReference; name = "GTMSessionFetcher.framework"; path = "standeliver/Plugins/cordova-plugin-firebase/GTMSessionFetcher.framework"; sourceTree = "<group>"; fileEncoding = undefined; lastKnownFileType = wrapper.framework; explicitFileType = undefined; includeInIndex = 0; };
		190BF78448F845709BAB591B /* FirebaseAuth.framework */ = {isa = PBXFileReference; name = "FirebaseAuth.framework"; path = "standeliver/Plugins/cordova-plugin-firebase/FirebaseAuth.framework"; sourceTree = "<group>"; fileEncoding = undefined; lastKnownFileType = wrapper.framework; explicitFileType = undefined; includeInIndex = 0; };
		BF074D4E3E1C4CEF88F762BA /* FirebaseMessaging.framework */ = {isa = PBXFileReference; name = "FirebaseMessaging.framework"; path = "standeliver/Plugins/cordova-plugin-firebase/FirebaseMessaging.framework"; sourceTree = "<group>"; fileEncoding = undefined; lastKnownFileType = wrapper.framework; explicitFileType = undefined; includeInIndex = 0; };
		B8BF73D7221649E5BBF9474F /* GoogleToolboxForMac.framework */ = {isa = PBXFileReference; name = "GoogleToolboxForMac.framework"; path = "standeliver/Plugins/cordova-plugin-firebase/GoogleToolboxForMac.framework"; sourceTree = "<group>"; fileEncoding = undefined; lastKnownFileType = wrapper.framework; explicitFileType = undefined; includeInIndex = 0; };
		39E150F7F5BC435798CB25D0 /* FirebasePerformance.framework */ = {isa = PBXFileReference; name = "FirebasePerformance.framework"; path = "standeliver/Plugins/cordova-plugin-firebase/FirebasePerformance.framework"; sourceTree = "<group>"; fileEncoding = undefined; lastKnownFileType = wrapper.framework; explicitFileType = undefined; includeInIndex = 0; };
		2C2F8CD849C148A88035F593 /* Protobuf.framework */ = {isa = PBXFileReference; name = "Protobuf.framework"; path = "standeliver/Plugins/cordova-plugin-firebase/Protobuf.framework"; sourceTree = "<group>"; fileEncoding = undefined; lastKnownFileType = wrapper.framework; explicitFileType = undefined; includeInIndex = 0; };
		A7EDE3CC33FB45D09465D4EC /* FirebaseRemoteConfig.framework */ = {isa = PBXFileReference; name = "FirebaseRemoteConfig.framework"; path = "standeliver/Plugins/cordova-plugin-firebase/FirebaseRemoteConfig.framework"; sourceTree = "<group>"; fileEncoding = undefined; lastKnownFileType = wrapper.framework; explicitFileType = undefined; includeInIndex = 0; };
		1D3D9E99B0094A5B880104DA /* FirebaseABTesting.framework */ = {isa = PBXFileReference; name = "FirebaseABTesting.framework"; path = "standeliver/Plugins/cordova-plugin-firebase/FirebaseABTesting.framework"; sourceTree = "<group>"; fileEncoding = undefined; lastKnownFileType = wrapper.framework; explicitFileType = undefined; includeInIndex = 0; };
		D6CE1FABA67241F9A4C34611 /* CDVSplashScreen.m */ = {isa = PBXFileReference; name = "CDVSplashScreen.m"; path = "cordova-plugin-splashscreen/CDVSplashScreen.m"; sourceTree = "<group>"; fileEncoding = 4; lastKnownFileType = sourcecode.c.objc; explicitFileType = undefined; includeInIndex = 0; };
		5D81335E533F43D9BC60523F /* CDVViewController+SplashScreen.m */ = {isa = PBXFileReference; name = "CDVViewController+SplashScreen.m"; path = "cordova-plugin-splashscreen/CDVViewController+SplashScreen.m"; sourceTree = "<group>"; fileEncoding = 4; lastKnownFileType = sourcecode.c.objc; explicitFileType = undefined; includeInIndex = 0; };
		E7A60AE29C9F42F7832E652B /* CDVSplashScreen.h */ = {isa = PBXFileReference; name = "CDVSplashScreen.h"; path = "cordova-plugin-splashscreen/CDVSplashScreen.h"; sourceTree = "<group>"; fileEncoding = 4; lastKnownFileType = sourcecode.c.h; explicitFileType = undefined; includeInIndex = 0; };
		8C49C0E6EF8E4287A34D4609 /* CDVViewController+SplashScreen.h */ = {isa = PBXFileReference; name = "CDVViewController+SplashScreen.h"; path = "cordova-plugin-splashscreen/CDVViewController+SplashScreen.h"; sourceTree = "<group>"; fileEncoding = 4; lastKnownFileType = sourcecode.c.h; explicitFileType = undefined; includeInIndex = 0; };
		96B1F62C7A994D3193276ADF /* CDVStatusBar.m */ = {isa = PBXFileReference; name = "CDVStatusBar.m"; path = "cordova-plugin-statusbar/CDVStatusBar.m"; sourceTree = "<group>"; fileEncoding = 4; lastKnownFileType = sourcecode.c.objc; explicitFileType = undefined; includeInIndex = 0; };
		B0E39AEAA2F44908A07A6E07 /* CDVStatusBar.h */ = {isa = PBXFileReference; name = "CDVStatusBar.h"; path = "cordova-plugin-statusbar/CDVStatusBar.h"; sourceTree = "<group>"; fileEncoding = 4; lastKnownFileType = sourcecode.c.h; explicitFileType = undefined; includeInIndex = 0; };
		F104CC68E5D8438CBBA4496A /* SQLitePlugin.m */ = {isa = PBXFileReference; name = "SQLitePlugin.m"; path = "cordova-sqlite-storage/SQLitePlugin.m"; sourceTree = "<group>"; fileEncoding = 4; lastKnownFileType = sourcecode.c.objc; explicitFileType = undefined; includeInIndex = 0; };
		FBCE4E85F9084C3A929DB41B /* PSPDFThreadSafeMutableDictionary.m */ = {isa = PBXFileReference; name = "PSPDFThreadSafeMutableDictionary.m"; path = "cordova-sqlite-storage/PSPDFThreadSafeMutableDictionary.m"; sourceTree = "<group>"; fileEncoding = 4; lastKnownFileType = sourcecode.c.objc; explicitFileType = undefined; includeInIndex = 0; };
		7CDBD9E78F3542B19E5A61C1 /* sqlite3.c */ = {isa = PBXFileReference; name = "sqlite3.c"; path = "cordova-sqlite-storage/sqlite3.c"; sourceTree = "<group>"; fileEncoding = undefined; lastKnownFileType = unknown; explicitFileType = undefined; includeInIndex = 0; };
		C44CCE8682E34E11BCB4FE2A /* SQLitePlugin.h */ = {isa = PBXFileReference; name = "SQLitePlugin.h"; path = "cordova-sqlite-storage/SQLitePlugin.h"; sourceTree = "<group>"; fileEncoding = 4; lastKnownFileType = sourcecode.c.h; explicitFileType = undefined; includeInIndex = 0; };
		8D8950B5A15144D8BFA1F798 /* PSPDFThreadSafeMutableDictionary.h */ = {isa = PBXFileReference; name = "PSPDFThreadSafeMutableDictionary.h"; path = "cordova-sqlite-storage/PSPDFThreadSafeMutableDictionary.h"; sourceTree = "<group>"; fileEncoding = 4; lastKnownFileType = sourcecode.c.h; explicitFileType = undefined; includeInIndex = 0; };
		8FC290CEE2534F62A775C14D /* sqlite3.h */ = {isa = PBXFileReference; name = "sqlite3.h"; path = "cordova-sqlite-storage/sqlite3.h"; sourceTree = "<group>"; fileEncoding = 4; lastKnownFileType = sourcecode.c.h; explicitFileType = undefined; includeInIndex = 0; };
		870FAB658E4B440BA9049E13 /* IonicKeyboard.m */ = {isa = PBXFileReference; name = "IonicKeyboard.m"; path = "ionic-plugin-keyboard/IonicKeyboard.m"; sourceTree = "<group>"; fileEncoding = 4; lastKnownFileType = sourcecode.c.objc; explicitFileType = undefined; includeInIndex = 0; };
		193B80BDC36B4242A2998982 /* IonicKeyboard.h */ = {isa = PBXFileReference; name = "IonicKeyboard.h"; path = "ionic-plugin-keyboard/IonicKeyboard.h"; sourceTree = "<group>"; fileEncoding = 4; lastKnownFileType = sourcecode.c.h; explicitFileType = undefined; includeInIndex = 0; };
/* End PBXFileReference section */

/* Begin PBXFrameworksBuildPhase section */
		1D60588F0D05DD3D006BFB54 /* Frameworks */ = {
			isa = PBXFrameworksBuildPhase;
			buildActionMask = 2147483647;
			files = (
				301BF552109A68D80062928A /* libCordova.a in Frameworks */,
				0FA4F36A3D2E4C038C040D1B /* libz.tbd in Frameworks */,
				1FE4AECBD9434DB69E3745AF /* Crashlytics.framework in Frameworks */,
				6AAD0F14091444A78D96B8AD /* Fabric.framework in Frameworks */,
				2CB8326900234DDF8533B454 /* GoogleAppMeasurement.framework in Frameworks */,
				6B6B4969FE31407E923AE9F8 /* MeasurementNanoPB.framework in Frameworks */,
				FB281D930FC74396BBD902E0 /* FirebaseCore.framework in Frameworks */,
				B33DF9BFBE624542A5A3A645 /* FirebaseAnalytics.framework in Frameworks */,
				82F810D3D84147C0888A4189 /* GoogleUtilities.framework in Frameworks */,
				E32B0A95691745CBB369543C /* nanopb.framework in Frameworks */,
				F4CAE689154A4A6687407BB4 /* FirebaseInstanceID.framework in Frameworks */,
				F10865708C01443C9D4411BF /* FirebaseCoreDiagnostics.framework in Frameworks */,
				3140091A6D68400A85F65844 /* GTMSessionFetcher.framework in Frameworks */,
				02D3EF9F4A5F417FA58AA7DF /* FirebaseAuth.framework in Frameworks */,
				C57EAE6B34894517903DD9F1 /* FirebaseMessaging.framework in Frameworks */,
				A8496A66545F49FC98D0E8D5 /* GoogleToolboxForMac.framework in Frameworks */,
				FFE233B48FC34F2E9A2E9A56 /* FirebasePerformance.framework in Frameworks */,
				FA38618D8D0843389B33A9ED /* Protobuf.framework in Frameworks */,
				833C6CDEE8FB4195A79CFCE2 /* FirebaseRemoteConfig.framework in Frameworks */,
				31CE36942E524F83BF3A70CF /* FirebaseABTesting.framework in Frameworks */,
			);
			runOnlyForDeploymentPostprocessing = 0;
		};
/* End PBXFrameworksBuildPhase section */

/* Begin PBXGroup section */
		080E96DDFE201D6D7F000001 /* Classes */ = {
			isa = PBXGroup;
			children = (
				302D95EE14D2391D003F00A1 /* MainViewController.h */,
				302D95EF14D2391D003F00A1 /* MainViewController.m */,
				302D95F014D2391D003F00A1 /* MainViewController.xib */,
				1D3623240D0F684500981E51 /* AppDelegate.h */,
				1D3623250D0F684500981E51 /* AppDelegate.m */,
			);
			name = Classes;
			path = "standeliver/Classes";
			sourceTree = SOURCE_ROOT;
		};
		19C28FACFE9D520D11CA2CBB /* Products */ = {
			isa = PBXGroup;
			children = (
				1D6058910D05DD3D006BFB54 /* standeliver.app */,
			);
			name = Products;
			sourceTree = "<group>";
		};
		29B97314FDCFA39411CA2CEA /* CustomTemplate */ = {
			isa = PBXGroup;
			children = (
				EB87FDF41871DAF40020F90C /* config.xml */,
				EB87FDF31871DA8E0020F90C /* www */,
				EB87FDF11871DA420020F90C /* Staging */,
				301BF52D109A57CC0062928A /* CordovaLib.xcodeproj */,
				080E96DDFE201D6D7F000001 /* Classes */,
				307C750510C5A3420062BCA9 /* Plugins */,
				29B97315FDCFA39411CA2CEA /* Other Sources */,
				29B97317FDCFA39411CA2CEA /* Resources */,
				29B97323FDCFA39411CA2CEA /* Frameworks */,
				19C28FACFE9D520D11CA2CBB /* Products */,
			);
			name = CustomTemplate;
			sourceTree = "<group>";
		};
		29B97315FDCFA39411CA2CEA /* Other Sources */ = {
			isa = PBXGroup;
			children = (
				32CA4F630368D1EE00C91783 /* standeliver-Prefix.pch */,
				29B97316FDCFA39411CA2CEA /* main.m */,
				ED33DF2A687741AEAF9F8254 /* Bridging-Header.h */,
			);
			name = "Other Sources";
			path = "standeliver";
			sourceTree = "<group>";
		};
		29B97317FDCFA39411CA2CEA /* Resources */ = {
			isa = PBXGroup;
			children = (
				0207DA571B56EA530066E2B4 /* Images.xcassets */,
				3047A50E1AB8057F00498E2A /* config */,
				8D1107310486CEB800E47090 /* standeliver-Info.plist */,
				6AFF5BF81D6E424B00AB3073 /* CDVLaunchScreen.storyboard */,
				A48C4259212F48818A2599D6 /* GoogleService-Info.plist */,
			);
			name = Resources;
			path = "standeliver/Resources";
			sourceTree = "<group>";
		};
		29B97323FDCFA39411CA2CEA /* Frameworks */ = {
			isa = PBXGroup;
			children = (
				6CF80BF57A29480A81A457D8 /* libz.tbd */,
				7D33FCAB4E3E412BA044F828 /* Crashlytics.framework */,
				098070D4385B4BFEB2AA2B07 /* Fabric.framework */,
				98D54B646D1D4B57BCEE6D28 /* GoogleAppMeasurement.framework */,
				A7C0728303EB4BA08206B94A /* MeasurementNanoPB.framework */,
				5ED55C5DAE754B63B12C4FCE /* FirebaseCore.framework */,
				F8E14739EEBE41B58F2CD387 /* FirebaseAnalytics.framework */,
				78EAFF605922431BB6088D5D /* GoogleUtilities.framework */,
				B5DB992375BF4E48BF80ADD8 /* nanopb.framework */,
				960338D1BFBF4BE08F2ED433 /* FirebaseInstanceID.framework */,
				4AAAF87ADEB8456BB9B0C8A9 /* FirebaseCoreDiagnostics.framework */,
				AA1698045A844EF7BAE09581 /* GTMSessionFetcher.framework */,
				190BF78448F845709BAB591B /* FirebaseAuth.framework */,
				BF074D4E3E1C4CEF88F762BA /* FirebaseMessaging.framework */,
				B8BF73D7221649E5BBF9474F /* GoogleToolboxForMac.framework */,
				39E150F7F5BC435798CB25D0 /* FirebasePerformance.framework */,
				2C2F8CD849C148A88035F593 /* Protobuf.framework */,
				A7EDE3CC33FB45D09465D4EC /* FirebaseRemoteConfig.framework */,
				1D3D9E99B0094A5B880104DA /* FirebaseABTesting.framework */,
			);
			name = Frameworks;
			sourceTree = "<group>";
		};
		301BF52E109A57CC0062928A /* Products */ = {
			isa = PBXGroup;
			children = (
				301BF535109A57CC0062928A /* libCordova.a */,
			);
			name = Products;
			sourceTree = "<group>";
		};
		3047A50E1AB8057F00498E2A /* config */ = {
			isa = PBXGroup;
			children = (
				3047A50F1AB8059700498E2A /* build-debug.xcconfig */,
				3047A5101AB8059700498E2A /* build-release.xcconfig */,
				3047A5111AB8059700498E2A /* build.xcconfig */,
			);
			name = config;
			sourceTree = "<group>";
		};
		307C750510C5A3420062BCA9 /* Plugins */ = {
			isa = PBXGroup;
			children = (
				6484733358654F278055A692 /* CDVDevice.m */,
				29211CF38A3B43C2A6CA8BB2 /* CDVDevice.h */,
				F6D34490A2354E469E19A15A /* AppDelegate+FirebasePlugin.m */,
				A2292DF5F5074D27A9A237AF /* FirebasePlugin.m */,
				0B555C5F3B0B4F599900F5AD /* AppDelegate+FirebasePlugin.h */,
				80D897C5FCB14F2A9EF8953E /* FirebasePlugin.h */,
				5CFFADDB41544A0BAE739ADA /* Firebase.h */,
				D6CE1FABA67241F9A4C34611 /* CDVSplashScreen.m */,
				5D81335E533F43D9BC60523F /* CDVViewController+SplashScreen.m */,
				E7A60AE29C9F42F7832E652B /* CDVSplashScreen.h */,
				8C49C0E6EF8E4287A34D4609 /* CDVViewController+SplashScreen.h */,
				96B1F62C7A994D3193276ADF /* CDVStatusBar.m */,
				B0E39AEAA2F44908A07A6E07 /* CDVStatusBar.h */,
				F104CC68E5D8438CBBA4496A /* SQLitePlugin.m */,
				FBCE4E85F9084C3A929DB41B /* PSPDFThreadSafeMutableDictionary.m */,
				7CDBD9E78F3542B19E5A61C1 /* sqlite3.c */,
				C44CCE8682E34E11BCB4FE2A /* SQLitePlugin.h */,
				8D8950B5A15144D8BFA1F798 /* PSPDFThreadSafeMutableDictionary.h */,
				8FC290CEE2534F62A775C14D /* sqlite3.h */,
				870FAB658E4B440BA9049E13 /* IonicKeyboard.m */,
				193B80BDC36B4242A2998982 /* IonicKeyboard.h */,
			);
			name = Plugins;
			path = "standeliver/Plugins";
			sourceTree = SOURCE_ROOT;
		};
		EB87FDF11871DA420020F90C /* Staging */ = {
			isa = PBXGroup;
			children = (
				F840E1F0165FE0F500CFE078 /* config.xml */,
				301BF56E109A69640062928A /* www */,
			);
			name = Staging;
			sourceTree = "<group>";
		};
/* End PBXGroup section */

/* Begin PBXNativeTarget section */
		1D6058900D05DD3D006BFB54 /* standeliver */ = {
			isa = PBXNativeTarget;
			buildConfigurationList = 1D6058960D05DD3E006BFB54 /* Build configuration list for PBXNativeTarget "standeliver" */;
			buildPhases = (
				304B58A110DAC018002A0835 /* Copy www directory */,
				1D60588D0D05DD3D006BFB54 /* Resources */,
				1D60588E0D05DD3D006BFB54 /* Sources */,
				1D60588F0D05DD3D006BFB54 /* Frameworks */,
			);
			buildRules = (
			);
			dependencies = (
				301BF551109A68C00062928A /* PBXTargetDependency */,
			);
			name = "standeliver";
			productName = "standeliver";
			productReference = 1D6058910D05DD3D006BFB54 /* standeliver.app */;
			productType = "com.apple.product-type.application";
		};
/* End PBXNativeTarget section */

/* Begin PBXProject section */
		29B97313FDCFA39411CA2CEA /* Project object */ = {
			isa = PBXProject;
			attributes = {
				LastUpgradeCheck = 510;
			};
			buildConfigurationList = C01FCF4E08A954540054247B /* Build configuration list for PBXProject "__NON-CLI__" */;
			compatibilityVersion = "Xcode 3.2";
			developmentRegion = English;
			hasScannedForEncodings = 1;
			mainGroup = 29B97314FDCFA39411CA2CEA /* CustomTemplate */;
			projectDirPath = "";
			projectReferences = (
				{
					ProductGroup = 301BF52E109A57CC0062928A /* Products */;
					ProjectRef = 301BF52D109A57CC0062928A /* CordovaLib.xcodeproj */;
				},
			);
			projectRoot = "";
			targets = (
				1D6058900D05DD3D006BFB54 /* standeliver */,
			);
		};
/* End PBXProject section */

/* Begin PBXReferenceProxy section */
		301BF535109A57CC0062928A /* libCordova.a */ = {
			isa = PBXReferenceProxy;
			fileType = archive.ar;
			path = libCordova.a;
			remoteRef = 301BF534109A57CC0062928A /* PBXContainerItemProxy */;
			sourceTree = BUILT_PRODUCTS_DIR;
		};
/* End PBXReferenceProxy section */

/* Begin PBXResourcesBuildPhase section */
		1D60588D0D05DD3D006BFB54 /* Resources */ = {
			isa = PBXResourcesBuildPhase;
			buildActionMask = 2147483647;
			files = (
				302D95F214D2391D003F00A1 /* MainViewController.xib in Resources */,
				0207DA581B56EA530066E2B4 /* Images.xcassets in Resources */,
				6AFF5BF91D6E424B00AB3073 /* CDVLaunchScreen.storyboard in Resources */,
				67BE7CD68017401BB140CD38 /* GoogleService-Info.plist in Resources */,
			);
			runOnlyForDeploymentPostprocessing = 0;
		};
/* End PBXResourcesBuildPhase section */

/* Begin PBXShellScriptBuildPhase section */
		304B58A110DAC018002A0835 /* Copy www directory */ = {
			isa = PBXShellScriptBuildPhase;
			buildActionMask = 2147483647;
			files = (
			);
			inputPaths = (
			);
			name = "Copy www directory";
			outputPaths = (
			);
			runOnlyForDeploymentPostprocessing = 0;
			shellPath = /bin/sh;
			shellScript = "NODEJS_PATH=/usr/local/bin; NVM_NODE_PATH=~/.nvm/versions/node/`nvm version 2>/dev/null`/bin; N_NODE_PATH=`find /usr/local/n/versions/node/* -maxdepth 0 -type d 2>/dev/null | tail -1`/bin; XCODE_NODE_PATH=`xcode-select --print-path`/usr/share/xcs/Node/bin; PATH=$NODEJS_PATH:$NVM_NODE_PATH:$N_NODE_PATH:$XCODE_NODE_PATH:$PATH && node cordova/lib/copy-www-build-step.js";
			showEnvVarsInLog = 0;
		};
/* End PBXShellScriptBuildPhase section */

/* Begin PBXSourcesBuildPhase section */
		1D60588E0D05DD3D006BFB54 /* Sources */ = {
			isa = PBXSourcesBuildPhase;
			buildActionMask = 2147483647;
			files = (
				1D60589B0D05DD56006BFB54 /* main.m in Sources */,
				1D3623260D0F684500981E51 /* AppDelegate.m in Sources */,
				302D95F114D2391D003F00A1 /* MainViewController.m in Sources */,
				4A98E969232E48B397D99C1B /* CDVDevice.m in Sources */,
				50F260B11BE142C28642B096 /* AppDelegate+FirebasePlugin.m in Sources */,
				37D2954406ED4706B76717A4 /* FirebasePlugin.m in Sources */,
				5F3165E6E819465AB3A0F82C /* CDVSplashScreen.m in Sources */,
				D6BF703A4BB84BD7BFB98744 /* CDVViewController+SplashScreen.m in Sources */,
				9310C0E83F374B2DB617C04A /* CDVStatusBar.m in Sources */,
				6B9FBC07E9D545E3A6743E6F /* SQLitePlugin.m in Sources */,
				D3A0400A8AE94234B817211C /* PSPDFThreadSafeMutableDictionary.m in Sources */,
				B0505990DBD341D3800B6CC9 /* sqlite3.c in Resources */,
				46BF688A4CCC454F9B77F13B /* IonicKeyboard.m in Sources */,
			);
			runOnlyForDeploymentPostprocessing = 0;
		};
/* End PBXSourcesBuildPhase section */

/* Begin PBXTargetDependency section */
		301BF551109A68C00062928A /* PBXTargetDependency */ = {
			isa = PBXTargetDependency;
			name = CordovaLib;
			targetProxy = 301BF550109A68C00062928A /* PBXContainerItemProxy */;
		};
/* End PBXTargetDependency section */

/* Begin XCBuildConfiguration section */
		1D6058940D05DD3E006BFB54 /* Debug */ = {
			isa = XCBuildConfiguration;
			baseConfigurationReference = 3047A50F1AB8059700498E2A /* build-debug.xcconfig */;
			buildSettings = {
				ALWAYS_SEARCH_USER_PATHS = NO;
				ASSETCATALOG_COMPILER_APPICON_NAME = AppIcon;
				ASSETCATALOG_COMPILER_LAUNCHIMAGE_NAME = LaunchImage;
				CLANG_ENABLE_MODULES = YES;
				CLANG_ENABLE_OBJC_ARC = YES;
				COPY_PHASE_STRIP = NO;
				GCC_DYNAMIC_NO_PIC = NO;
				GCC_OPTIMIZATION_LEVEL = 0;
				GCC_PRECOMPILE_PREFIX_HEADER = YES;
				GCC_PREFIX_HEADER = "standeliver/standeliver-Prefix.pch";
				GCC_THUMB_SUPPORT = NO;
				GCC_VERSION = "";
				INFOPLIST_FILE = "standeliver/standeliver-Info.plist";
				IPHONEOS_DEPLOYMENT_TARGET = 9.0;
				LD_RUNPATH_SEARCH_PATHS = "@executable_path/Frameworks";
				TARGETED_DEVICE_FAMILY = "1,2";
				PRODUCT_NAME = "standeliver";
				FRAMEWORK_SEARCH_PATHS = (
					"$(inherited)",
					"\"standeliver/Plugins/cordova-plugin-firebase\"",
					"\"standeliver/Plugins/cordova-plugin-firebase\"",
					"\"standeliver/Plugins/cordova-plugin-firebase\"",
					"\"standeliver/Plugins/cordova-plugin-firebase\"",
					"\"standeliver/Plugins/cordova-plugin-firebase\"",
					"\"standeliver/Plugins/cordova-plugin-firebase\"",
					"\"standeliver/Plugins/cordova-plugin-firebase\"",
					"\"standeliver/Plugins/cordova-plugin-firebase\"",
					"\"standeliver/Plugins/cordova-plugin-firebase\"",
					"\"standeliver/Plugins/cordova-plugin-firebase\"",
					"\"standeliver/Plugins/cordova-plugin-firebase\"",
					"\"standeliver/Plugins/cordova-plugin-firebase\"",
					"\"standeliver/Plugins/cordova-plugin-firebase\"",
					"\"standeliver/Plugins/cordova-plugin-firebase\"",
					"\"standeliver/Plugins/cordova-plugin-firebase\"",
					"\"standeliver/Plugins/cordova-plugin-firebase\"",
					"\"standeliver/Plugins/cordova-plugin-firebase\"",
					"\"standeliver/Plugins/cordova-plugin-firebase\"",
				);
			};
			name = Debug;
		};
		1D6058950D05DD3E006BFB54 /* Release */ = {
			isa = XCBuildConfiguration;
			baseConfigurationReference = 3047A5101AB8059700498E2A /* build-release.xcconfig */;
			buildSettings = {
				ALWAYS_SEARCH_USER_PATHS = NO;
				ASSETCATALOG_COMPILER_APPICON_NAME = AppIcon;
				ASSETCATALOG_COMPILER_LAUNCHIMAGE_NAME = LaunchImage;
				CLANG_ENABLE_MODULES = YES;
				CLANG_ENABLE_OBJC_ARC = YES;
				COPY_PHASE_STRIP = YES;
				GCC_PRECOMPILE_PREFIX_HEADER = YES;
				GCC_PREFIX_HEADER = "standeliver/standeliver-Prefix.pch";
				GCC_THUMB_SUPPORT = NO;
				GCC_VERSION = "";
				INFOPLIST_FILE = "standeliver/standeliver-Info.plist";
				IPHONEOS_DEPLOYMENT_TARGET = 9.0;
				LD_RUNPATH_SEARCH_PATHS = "@executable_path/Frameworks";
				TARGETED_DEVICE_FAMILY = "1,2";
				PRODUCT_NAME = "standeliver";
				FRAMEWORK_SEARCH_PATHS = (
					"$(inherited)",
					"\"standeliver/Plugins/cordova-plugin-firebase\"",
					"\"standeliver/Plugins/cordova-plugin-firebase\"",
					"\"standeliver/Plugins/cordova-plugin-firebase\"",
					"\"standeliver/Plugins/cordova-plugin-firebase\"",
					"\"standeliver/Plugins/cordova-plugin-firebase\"",
					"\"standeliver/Plugins/cordova-plugin-firebase\"",
					"\"standeliver/Plugins/cordova-plugin-firebase\"",
					"\"standeliver/Plugins/cordova-plugin-firebase\"",
					"\"standeliver/Plugins/cordova-plugin-firebase\"",
					"\"standeliver/Plugins/cordova-plugin-firebase\"",
					"\"standeliver/Plugins/cordova-plugin-firebase\"",
					"\"standeliver/Plugins/cordova-plugin-firebase\"",
					"\"standeliver/Plugins/cordova-plugin-firebase\"",
					"\"standeliver/Plugins/cordova-plugin-firebase\"",
					"\"standeliver/Plugins/cordova-plugin-firebase\"",
					"\"standeliver/Plugins/cordova-plugin-firebase\"",
					"\"standeliver/Plugins/cordova-plugin-firebase\"",
					"\"standeliver/Plugins/cordova-plugin-firebase\"",
				);
			};
			name = Release;
		};
		C01FCF4F08A954540054247B /* Debug */ = {
			isa = XCBuildConfiguration;
			baseConfigurationReference = 3047A5111AB8059700498E2A /* build.xcconfig */;
			buildSettings = {
				CLANG_ENABLE_MODULES = YES;
				CLANG_ENABLE_OBJC_ARC = YES;
				CLANG_WARN_BOOL_CONVERSION = YES;
				CLANG_WARN_CONSTANT_CONVERSION = YES;
				CLANG_WARN_EMPTY_BODY = YES;
				CLANG_WARN_ENUM_CONVERSION = YES;
				CLANG_WARN_INT_CONVERSION = YES;
				CLANG_WARN__DUPLICATE_METHOD_MATCH = YES;
				GCC_C_LANGUAGE_STANDARD = c99;
				GCC_THUMB_SUPPORT = NO;
				GCC_VERSION = "";
				GCC_WARN_ABOUT_RETURN_TYPE = YES;
				GCC_WARN_UNDECLARED_SELECTOR = YES;
				GCC_WARN_UNINITIALIZED_AUTOS = YES;
				GCC_WARN_UNUSED_FUNCTION = YES;
				GCC_WARN_UNUSED_VARIABLE = YES;
				ONLY_ACTIVE_ARCH = YES;
				SDKROOT = iphoneos;
				SKIP_INSTALL = NO;
			};
			name = Debug;
		};
		C01FCF5008A954540054247B /* Release */ = {
			isa = XCBuildConfiguration;
			baseConfigurationReference = 3047A5111AB8059700498E2A /* build.xcconfig */;
			buildSettings = {
				CLANG_ENABLE_MODULES = YES;
				CLANG_ENABLE_OBJC_ARC = YES;
				CLANG_WARN_BOOL_CONVERSION = YES;
				CLANG_WARN_CONSTANT_CONVERSION = YES;
				CLANG_WARN_EMPTY_BODY = YES;
				CLANG_WARN_ENUM_CONVERSION = YES;
				CLANG_WARN_INT_CONVERSION = YES;
				CLANG_WARN__DUPLICATE_METHOD_MATCH = YES;
				GCC_C_LANGUAGE_STANDARD = c99;
				GCC_THUMB_SUPPORT = NO;
				GCC_VERSION = "";
				GCC_WARN_ABOUT_RETURN_TYPE = YES;
				GCC_WARN_UNDECLARED_SELECTOR = YES;
				GCC_WARN_UNINITIALIZED_AUTOS = YES;
				GCC_WARN_UNUSED_FUNCTION = YES;
				GCC_WARN_UNUSED_VARIABLE = YES;
				SDKROOT = iphoneos;
				SKIP_INSTALL = NO;
			};
			name = Release;
		};
/* End XCBuildConfiguration section */

/* Begin XCConfigurationList section */
		1D6058960D05DD3E006BFB54 /* Build configuration list for PBXNativeTarget "standeliver" */ = {
			isa = XCConfigurationList;
			buildConfigurations = (
				1D6058940D05DD3E006BFB54 /* Debug */,
				1D6058950D05DD3E006BFB54 /* Release */,
			);
			defaultConfigurationIsVisible = 0;
			defaultConfigurationName = Release;
		};
		C01FCF4E08A954540054247B /* Build configuration list for PBXProject "__NON-CLI__" */ = {
			isa = XCConfigurationList;
			buildConfigurations = (
				C01FCF4F08A954540054247B /* Debug */,
				C01FCF5008A954540054247B /* Release */,
			);
			defaultConfigurationIsVisible = 0;
			defaultConfigurationName = Release;
		};
/* End XCConfigurationList section */
	};
	rootObject = 29B97313FDCFA39411CA2CEA /* Project object */;
}
